
Microsoft Visual Studio Solution File, Format Version 12.00
# Visual Studio Version 16
VisualStudioVersion = 16.0.30128.74
MinimumVisualStudioVersion = 10.0.40219.1
Project("{FAE04EC0-301F-11D3-BF4B-00C04F79EFBC}") = "kahveDiyari", "kahveDiyarı\kahveDiyari.csproj", "{8E62FC74-1362-4C87-A02A-768C378D1B62}"
EndProject
Global
	GlobalSection(SolutionConfigurationPlatforms) = preSolution
		Debug|Any CPU = Debug|Any CPU
		Release|Any CPU = Release|Any CPU
	EndGlobalSection
	GlobalSection(ProjectConfigurationPlatforms) = postSolution
		{8E62FC74-1362-4C87-A02A-768C378D1B62}.Debug|Any CPU.ActiveCfg = Debug|Any CPU
		{8E62FC74-1362-4C87-A02A-768C378D1B62}.Debug|Any CPU.Build.0 = Debug|Any CPU
		{8E62FC74-1362-4C87-A02A-768C378D1B62}.Release|Any CPU.ActiveCfg = Release|Any CPU
		{8E62FC74-1362-4C87-A02A-768C378D1B62}.Release|Any CPU.Build.0 = Release|Any CPU
	EndGlobalSection
	GlobalSection(SolutionProperties) = preSolution
		HideSolutionNode = FALSE
	EndGlobalSection
	GlobalSection(ExtensibilityGlobals) = postSolution
		SolutionGuid = {949003B3-0910-44C9-AC85-1B582A1ECAC9}
	EndGlobalSection
EndGlobal
